<?xml version="1.0" encoding="utf-8"?>
<Project ToolsVersion="4.0" xmlns="http://schemas.microsoft.com/developer/msbuild/2003">
  <ItemGroup>
    <Filter Include="Source Files">
      <UniqueIdentifier>{4FC737F1-C7A5-4376-A066-2A32D752A2FF}</UniqueIdentifier>
      <Extensions>cpp;c;cc;cxx;def;odl;idl;hpj;bat;asm;asmx</Extensions>
    </Filter>
    <Filter Include="Header Files">
      <UniqueIdentifier>{93995380-89BD-4b04-88EB-625FBE52EBFB}</UniqueIdentifier>
      <Extensions>h;hpp;hxx;hm;inl;inc;xsd</Extensions>
    </Filter>
    <Filter Include="Resource Files">
      <UniqueIdentifier>{67DA6AB6-F800-4c08-8B7A-83BB121AAD01}</UniqueIdentifier>
      <Extensions>rc;ico;cur;bmp;dlg;rc2;rct;bin;rgs;gif;jpg;jpeg;jpe;resx;tiff;tif;png;wav;mfcribbon-ms</Extensions>
    </Filter>
  </ItemGroup>
  <ItemGroup>
    <ClInclude Include="AI_Core\Agent.h">
      <Filter>Header Files</Filter>
    </ClInclude>
    <ClInclude Include="AI_Core\AIInterface.h">
      <Filter>Header Files</Filter>
    </ClInclude>
    <ClInclude Include="AI_Core\AISystem.h">
      <Filter>Header Files</Filter>
    </ClInclude>
    <ClInclude Include="AI_Core\Behavior.h">
      <Filter>Header Files</Filter>
    </ClInclude>
    <ClInclude Include="AI_Core\Evade.h">
      <Filter>Header Files</Filter>
    </ClInclude>
    <ClInclude Include="AI_Core\GenericEnemy.h">
      <Filter>Header Files</Filter>
    </ClInclude>
    <ClInclude Include="AI_Core\Pursue.h">
      <Filter>Header Files</Filter>
    </ClInclude>
    <ClInclude Include="AI_Core\State.h">
      <Filter>Header Files</Filter>
    </ClInclude>
    <ClInclude Include="AI_Core\Steering.h">
      <Filter>Header Files</Filter>
    </ClInclude>
    <ClInclude Include="AI_Core\Wander.h">
      <Filter>Header Files</Filter>
    </ClInclude>
    <ClInclude Include="Audio_Core\AudioCore.h">
      <Filter>Header Files</Filter>
    </ClInclude>
    <ClInclude Include="Graphics_Core\Camera.h">
      <Filter>Header Files</Filter>
    </ClInclude>
    <ClInclude Include="Graphics_Core\CoreManager.h">
      <Filter>Header Files</Filter>
    </ClInclude>
    <ClInclude Include="Graphics_Core\DXManager.h">
      <Filter>Header Files</Filter>
    </ClInclude>
    <ClInclude Include="Graphics_Core\Graphics.h">
      <Filter>Header Files</Filter>
    </ClInclude>
    <ClInclude Include="Graphics_Core\LightClass.h">
      <Filter>Header Files</Filter>
    </ClInclude>
    <ClInclude Include="Graphics_Core\Material.h">
      <Filter>Header Files</Filter>
    </ClInclude>
    <ClInclude Include="Graphics_Core\Meshes.h">
      <Filter>Header Files</Filter>
    </ClInclude>
    <ClInclude Include="Graphics_Core\settings.h">
      <Filter>Header Files</Filter>
    </ClInclude>
    <ClInclude Include="Graphics_Core\Text.h">
      <Filter>Header Files</Filter>
    </ClInclude>
    <ClInclude Include="Main_Core\Clock.h">
      <Filter>Header Files</Filter>
    </ClInclude>
    <ClInclude Include="Main_Core\Entity.h">
      <Filter>Header Files</Filter>
    </ClInclude>
    <ClInclude Include="Main_Core\EntityManager.h">
      <Filter>Header Files</Filter>
    </ClInclude>
    <ClInclude Include="Main_Core\ICore.h">
      <Filter>Header Files</Filter>
    </ClInclude>
    <ClInclude Include="Main_Core\IDispatcher.h">
      <Filter>Header Files</Filter>
    </ClInclude>
    <ClInclude Include="Main_Core\MainCore.h">
      <Filter>Header Files</Filter>
    </ClInclude>
    <ClInclude Include="Main_Core\Message.h">
      <Filter>Header Files</Filter>
    </ClInclude>
    <ClInclude Include="Main_Core\MessageManager.h">
      <Filter>Header Files</Filter>
    </ClInclude>
    <ClInclude Include="Physics_Core\Octree.h">
      <Filter>Header Files</Filter>
    </ClInclude>
    <ClInclude Include="Physics_Core\PhysicsCollision.h">
      <Filter>Header Files</Filter>
    </ClInclude>
    <ClInclude Include="Physics_Core\PhysicsCore.h">
      <Filter>Header Files</Filter>
    </ClInclude>
    <ClInclude Include="Physics_Core\PhysicsInterface.h">
      <Filter>Header Files</Filter>
    </ClInclude>
    <ClInclude Include="Physics_Core\resource.h">
      <Filter>Header Files</Filter>
    </ClInclude>
    <ClInclude Include="Scripting_Core\lauxlib.h">
      <Filter>Header Files</Filter>
    </ClInclude>
    <ClInclude Include="Scripting_Core\lua.h">
      <Filter>Header Files</Filter>
    </ClInclude>
    <ClInclude Include="Scripting_Core\lua.hpp">
      <Filter>Header Files</Filter>
    </ClInclude>
    <ClInclude Include="Scripting_Core\luaconf.h">
      <Filter>Header Files</Filter>
    </ClInclude>
    <ClInclude Include="Scripting_Core\lualib.h">
      <Filter>Header Files</Filter>
    </ClInclude>
    <ClInclude Include="Scripting_Core\Script.h">
      <Filter>Header Files</Filter>
    </ClInclude>
    <ClInclude Include="Scripting_Core\ScriptingCore.h">
      <Filter>Header Files</Filter>
    </ClInclude>
    <ClInclude Include="Scripting_Core\stdafx.h">
      <Filter>Header Files</Filter>
    </ClInclude>
    <ClInclude Include="Scripting_Core\targetver.h">
      <Filter>Header Files</Filter>
    </ClInclude>
    <ClInclude Include="UI_Core\Input.h">
      <Filter>Header Files</Filter>
    </ClInclude>
    <ClInclude Include="UI_Core\UI.h">
      <Filter>Header Files</Filter>
    </ClInclude>
    <ClInclude Include="UI_Core\UIElement.h">
      <Filter>Header Files</Filter>
    </ClInclude>
  </ItemGroup>
  <ItemGroup>
    <ClCompile Include="AI_Core\Agent.cpp">
      <Filter>Source Files</Filter>
    </ClCompile>
    <ClCompile Include="AI_Core\AIInterface.cpp">
      <Filter>Source Files</Filter>
    </ClCompile>
    <ClCompile Include="AI_Core\Evade.cpp">
      <Filter>Source Files</Filter>
    </ClCompile>
    <ClCompile Include="AI_Core\GenericEnemy.cpp">
      <Filter>Source Files</Filter>
    </ClCompile>
    <ClCompile Include="AI_Core\Pursue.cpp">
      <Filter>Source Files</Filter>
    </ClCompile>
    <ClCompile Include="AI_Core\Steering.cpp">
      <Filter>Source Files</Filter>
    </ClCompile>
    <ClCompile Include="AI_Core\Wander.cpp">
      <Filter>Source Files</Filter>
    </ClCompile>
    <ClCompile Include="Audio_Core\AudioCore.cpp">
      <Filter>Source Files</Filter>
    </ClCompile>
    <ClCompile Include="Graphics_Core\Camera.cpp">
      <Filter>Source Files</Filter>
    </ClCompile>
    <ClCompile Include="Graphics_Core\CoreManager.cpp">
      <Filter>Source Files</Filter>
    </ClCompile>
    <ClCompile Include="Graphics_Core\DXManager.cpp">
      <Filter>Source Files</Filter>
    </ClCompile>
    <ClCompile Include="Graphics_Core\Graphics.cpp">
      <Filter>Source Files</Filter>
    </ClCompile>
    <ClCompile Include="Graphics_Core\LightClass.cpp">
      <Filter>Source Files</Filter>
    </ClCompile>
    <ClCompile Include="Graphics_Core\Material.cpp">
      <Filter>Source Files</Filter>
    </ClCompile>
    <ClCompile Include="Graphics_Core\Meshes.cpp">
      <Filter>Source Files</Filter>
    </ClCompile>
    <ClCompile Include="Graphics_Core\Text.cpp">
      <Filter>Source Files</Filter>
    </ClCompile>
    <ClCompile Include="Main_Core\Clock.cpp">
      <Filter>Source Files</Filter>
    </ClCompile>
    <ClCompile Include="Main_Core\Entity.cpp">
      <Filter>Source Files</Filter>
    </ClCompile>
    <ClCompile Include="Main_Core\EntityManager.cpp">
      <Filter>Source Files</Filter>
    </ClCompile>
    <ClCompile Include="Main_Core\MainCore.cpp">
      <Filter>Source Files</Filter>
    </ClCompile>
    <ClCompile Include="Main_Core\Message.cpp">
      <Filter>Source Files</Filter>
    </ClCompile>
    <ClCompile Include="Main_Core\MessageManager.cpp">
      <Filter>Source Files</Filter>
    </ClCompile>
    <ClCompile Include="Physics_Core\Octree.cpp">
      <Filter>Source Files</Filter>
    </ClCompile>
    <ClCompile Include="Physics_Core\PhysicsCollision.cpp">
      <Filter>Source Files</Filter>
    </ClCompile>
    <ClCompile Include="Physics_Core\PhysicsCore.cpp">
      <Filter>Source Files</Filter>
    </ClCompile>
    <ClCompile Include="Scripting_Core\Script.cpp">
      <Filter>Source Files</Filter>
    </ClCompile>
    <ClCompile Include="Scripting_Core\ScriptingCore.cpp">
      <Filter>Source Files</Filter>
    </ClCompile>
    <ClCompile Include="Scripting_Core\ScriptingMain.cpp">
      <Filter>Source Files</Filter>
    </ClCompile>
    <ClCompile Include="Scripting_Core\stdafx.cpp">
      <Filter>Source Files</Filter>
    </ClCompile>
    <ClCompile Include="UI_Core\Input.cpp">
      <Filter>Source Files</Filter>
    </ClCompile>
    <ClCompile Include="UI_Core\UI.cpp">
      <Filter>Source Files</Filter>
    </ClCompile>
    <ClCompile Include="UI_Core\UIElement.cpp">
      <Filter>Source Files</Filter>
    </ClCompile>
  </ItemGroup>
</Project>